
Microsoft Visual Studio Solution File, Format Version 12.00
# Visual Studio Version 17
VisualStudioVersion = 17.11.35118.90
MinimumVisualStudioVersion = 10.0.40219.1
Project("{9A19103F-16F7-4668-BE54-9A1E7A4F7556}") = "OpenCredentialPublisher.JsonLD", "OpenCredentialPublisher.JsonLD.csproj", "{5341EB51-4F85-463E-AF46-244938310BB4}"
EndProject
Project("{2150E333-8FDC-42A3-9474-1A3956D46DE8}") = "Solution Items", "Solution Items", "{4CB121EC-EC2A-4A89-8668-1C9BABFFAC16}"
	ProjectSection(SolutionItems) = preProject
		Directory.Build.props = Directory.Build.props
		.github\workflows\dotnet.yml = .github\workflows\dotnet.yml
		NuGet.config = NuGet.config
	EndProjectSection
EndProject
Global
	GlobalSection(SolutionConfigurationPlatforms) = preSolution
		AzureDev|Any CPU = AzureDev|Any CPU
		Debug|Any CPU = Debug|Any CPU
		Dev|Any CPU = Dev|Any CPU
		IIS|Any CPU = IIS|Any CPU
		Qa|Any CPU = Qa|Any CPU
		Release|Any CPU = Release|Any CPU
	EndGlobalSection
	GlobalSection(ProjectConfigurationPlatforms) = postSolution
		{5341EB51-4F85-463E-AF46-244938310BB4}.AzureDev|Any CPU.ActiveCfg = AzureDev|Any CPU
		{5341EB51-4F85-463E-AF46-244938310BB4}.AzureDev|Any CPU.Build.0 = AzureDev|Any CPU
		{5341EB51-4F85-463E-AF46-244938310BB4}.Debug|Any CPU.ActiveCfg = Debug|Any CPU
		{5341EB51-4F85-463E-AF46-244938310BB4}.Debug|Any CPU.Build.0 = Debug|Any CPU
		{5341EB51-4F85-463E-AF46-244938310BB4}.Dev|Any CPU.ActiveCfg = Dev|Any CPU
		{5341EB51-4F85-463E-AF46-244938310BB4}.Dev|Any CPU.Build.0 = Dev|Any CPU
		{5341EB51-4F85-463E-AF46-244938310BB4}.IIS|Any CPU.ActiveCfg = IIS|Any CPU
		{5341EB51-4F85-463E-AF46-244938310BB4}.IIS|Any CPU.Build.0 = IIS|Any CPU
		{5341EB51-4F85-463E-AF46-244938310BB4}.Qa|Any CPU.ActiveCfg = Qa|Any CPU
		{5341EB51-4F85-463E-AF46-244938310BB4}.Qa|Any CPU.Build.0 = Qa|Any CPU
		{5341EB51-4F85-463E-AF46-244938310BB4}.Release|Any CPU.ActiveCfg = Release|Any CPU
		{5341EB51-4F85-463E-AF46-244938310BB4}.Release|Any CPU.Build.0 = Release|Any CPU
	EndGlobalSection
	GlobalSection(SolutionProperties) = preSolution
		HideSolutionNode = FALSE
	EndGlobalSection
	GlobalSection(ExtensibilityGlobals) = postSolution
		SolutionGuid = {A384604C-9430-4029-B1ED-7422B19ADD2A}
	EndGlobalSection
EndGlobal
